
Microsoft Visual Studio Solution File, Format Version 12.00
# Visual Studio Version 17
VisualStudioVersion = 17.10.35004.147
MinimumVisualStudioVersion = 10.0.40219.1
Project("{FAE04EC0-301F-11D3-BF4B-00C04F79EFBC}") = "SOLID_Principles", "SOLID_Principles\SOLID_Principles.csproj", "{1C24FEAA-534D-43D7-ACF4-1AE1C337FCF1}"
EndProject
Global
	GlobalSection(SolutionConfigurationPlatforms) = preSolution
		Debug|Any CPU = Debug|Any CPU
		Release|Any CPU = Release|Any CPU
	EndGlobalSection
	GlobalSection(ProjectConfigurationPlatforms) = postSolution
		{1C24FEAA-534D-43D7-ACF4-1AE1C337FCF1}.Debug|Any CPU.ActiveCfg = Debug|Any CPU
		{1C24FEAA-534D-43D7-ACF4-1AE1C337FCF1}.Debug|Any CPU.Build.0 = Debug|Any CPU
		{1C24FEAA-534D-43D7-ACF4-1AE1C337FCF1}.Release|Any CPU.ActiveCfg = Release|Any CPU
		{1C24FEAA-534D-43D7-ACF4-1AE1C337FCF1}.Release|Any CPU.Build.0 = Release|Any CPU
	EndGlobalSection
	GlobalSection(SolutionProperties) = preSolution
		HideSolutionNode = FALSE
	EndGlobalSection
	GlobalSection(ExtensibilityGlobals) = postSolution
		SolutionGuid = {2210EEC4-C0A5-42D5-96EF-5519DFE8BF2C}
	EndGlobalSection
EndGlobal
